// !$*UTF8*$!
{
	archiveVersion = 1;
	classes = {
	};
	objectVersion = 46;
	objects = {

/* Begin PBXBuildFile section */
		546EC2D11E0AF7EC00FADDD1 /* CalcController.m in Sources */ = {isa = PBXBuildFile; fileRef = 546EC2CF1E0AF7EC00FADDD1 /* CalcController.m */; };
		546EC2D21E0AF7EC00FADDD1 /* CalcController.xib in Resources */ = {isa = PBXBuildFile; fileRef = 546EC2D01E0AF7EC00FADDD1 /* CalcController.xib */; };
		54C4B9AF1E09A35100E99EE5 /* main.m in Sources */ = {isa = PBXBuildFile; fileRef = 54C4B9AE1E09A35100E99EE5 /* main.m */; };
		54C4B9B21E09A35100E99EE5 /* AppDelegate.m in Sources */ = {isa = PBXBuildFile; fileRef = 54C4B9B11E09A35100E99EE5 /* AppDelegate.m */; };
		54C4B9BA1E09A35100E99EE5 /* Assets.xcassets in Resources */ = {isa = PBXBuildFile; fileRef = 54C4B9B91E09A35100E99EE5 /* Assets.xcassets */; };
		54C4B9BD1E09A35100E99EE5 /* LaunchScreen.storyboard in Resources */ = {isa = PBXBuildFile; fileRef = 54C4B9BB1E09A35100E99EE5 /* LaunchScreen.storyboard */; };
		54C4B9C81E09A35100E99EE5 /* EasyCalcTests.m in Sources */ = {isa = PBXBuildFile; fileRef = 54C4B9C71E09A35100E99EE5 /* EasyCalcTests.m */; };
		54C4B9D31E09A35100E99EE5 /* EasyCalcUITests.m in Sources */ = {isa = PBXBuildFile; fileRef = 54C4B9D21E09A35100E99EE5 /* EasyCalcUITests.m */; };
/* End PBXBuildFile section */

/* Begin PBXContainerItemProxy section */
		54C4B9C41E09A35100E99EE5 /* PBXContainerItemProxy */ = {
			isa = PBXContainerItemProxy;
			containerPortal = 54C4B9A21E09A35100E99EE5 /* Project object */;
			proxyType = 1;
			remoteGlobalIDString = 54C4B9A91E09A35100E99EE5;
			remoteInfo = EasyCalc;
		};
		54C4B9CF1E09A35100E99EE5 /* PBXContainerItemProxy */ = {
			isa = PBXContainerItemProxy;
			containerPortal = 54C4B9A21E09A35100E99EE5 /* Project object */;
			proxyType = 1;
			remoteGlobalIDString = 54C4B9A91E09A35100E99EE5;
			remoteInfo = EasyCalc;
		};
/* End PBXContainerItemProxy section */

/* Begin PBXFileReference section */
		546EC2CE1E0AF7EC00FADDD1 /* CalcController.h */ = {isa = PBXFileReference; fileEncoding = 4; lastKnownFileType = sourcecode.c.h; path = CalcController.h; sourceTree = "<group>"; };
		546EC2CF1E0AF7EC00FADDD1 /* CalcController.m */ = {isa = PBXFileReference; fileEncoding = 4; lastKnownFileType = sourcecode.c.objc; path = CalcController.m; sourceTree = "<group>"; };
		546EC2D01E0AF7EC00FADDD1 /* CalcController.xib */ = {isa = PBXFileReference; fileEncoding = 4; lastKnownFileType = file.xib; path = CalcController.xib; sourceTree = "<group>"; };
		54C4B9AA1E09A35100E99EE5 /* EasyCalc.app */ = {isa = PBXFileReference; explicitFileType = wrapper.application; includeInIndex = 0; path = EasyCalc.app; sourceTree = BUILT_PRODUCTS_DIR; };
		54C4B9AE1E09A35100E99EE5 /* main.m */ = {isa = PBXFileReference; lastKnownFileType = sourcecode.c.objc; path = main.m; sourceTree = "<group>"; };
		54C4B9B01E09A35100E99EE5 /* AppDelegate.h */ = {isa = PBXFileReference; lastKnownFileType = sourcecode.c.h; path = AppDelegate.h; sourceTree = "<group>"; };
		54C4B9B11E09A35100E99EE5 /* AppDelegate.m */ = {isa = PBXFileReference; lastKnownFileType = sourcecode.c.objc; path = AppDelegate.m; sourceTree = "<group>"; };
		54C4B9B91E09A35100E99EE5 /* Assets.xcassets */ = {isa = PBXFileReference; lastKnownFileType = folder.assetcatalog; path = Assets.xcassets; sourceTree = "<group>"; };
		54C4B9BC1E09A35100E99EE5 /* Base */ = {isa = PBXFileReference; lastKnownFileType = file.storyboard; name = Base; path = Base.lproj/LaunchScreen.storyboard; sourceTree = "<group>"; };
		54C4B9BE1E09A35100E99EE5 /* Info.plist */ = {isa = PBXFileReference; lastKnownFileType = text.plist.xml; path = Info.plist; sourceTree = "<group>"; };
		54C4B9C31E09A35100E99EE5 /* EasyCalcTests.xctest */ = {isa = PBXFileReference; explicitFileType = wrapper.cfbundle; includeInIndex = 0; path = EasyCalcTests.xctest; sourceTree = BUILT_PRODUCTS_DIR; };
		54C4B9C71E09A35100E99EE5 /* EasyCalcTests.m */ = {isa = PBXFileReference; lastKnownFileType = sourcecode.c.objc; path = EasyCalcTests.m; sourceTree = "<group>"; };
		54C4B9C91E09A35100E99EE5 /* Info.plist */ = {isa = PBXFileReference; lastKnownFileType = text.plist.xml; path = Info.plist; sourceTree = "<group>"; };
		54C4B9CE1E09A35100E99EE5 /* EasyCalcUITests.xctest */ = {isa = PBXFileReference; explicitFileType = wrapper.cfbundle; includeInIndex = 0; path = EasyCalcUITests.xctest; sourceTree = BUILT_PRODUCTS_DIR; };
		54C4B9D21E09A35100E99EE5 /* EasyCalcUITests.m */ = {isa = PBXFileReference; lastKnownFileType = sourcecode.c.objc; path = EasyCalcUITests.m; sourceTree = "<group>"; };
		54C4B9D41E09A35100E99EE5 /* Info.plist */ = {isa = PBXFileReference; lastKnownFileType = text.plist.xml; path = Info.plist; sourceTree = "<group>"; };
/* End PBXFileReference section */

/* Begin PBXFrameworksBuildPhase section */
		54C4B9A71E09A35100E99EE5 /* Frameworks */ = {
			isa = PBXFrameworksBuildPhase;
			buildActionMask = 2147483647;
			files = (
			);
			runOnlyForDeploymentPostprocessing = 0;
		};
		54C4B9C01E09A35100E99EE5 /* Frameworks */ = {
			isa = PBXFrameworksBuildPhase;
			buildActionMask = 2147483647;
			files = (
			);
			runOnlyForDeploymentPostprocessing = 0;
		};
		54C4B9CB1E09A35100E99EE5 /* Frameworks */ = {
			isa = PBXFrameworksBuildPhase;
			buildActionMask = 2147483647;
			files = (
			);
			runOnlyForDeploymentPostprocessing = 0;
		};
/* End PBXFrameworksBuildPhase section */

/* Begin PBXGroup section */
		54C4B9A11E09A35100E99EE5 = {
			isa = PBXGroup;
			children = (
				54C4B9AC1E09A35100E99EE5 /* EasyCalc */,
				54C4B9C61E09A35100E99EE5 /* EasyCalcTests */,
				54C4B9D11E09A35100E99EE5 /* EasyCalcUITests */,
				54C4B9AB1E09A35100E99EE5 /* Products */,
			);
			sourceTree = "<group>";
		};
		54C4B9AB1E09A35100E99EE5 /* Products */ = {
			isa = PBXGroup;
			children = (
				54C4B9AA1E09A35100E99EE5 /* EasyCalc.app */,
				54C4B9C31E09A35100E99EE5 /* EasyCalcTests.xctest */,
				54C4B9CE1E09A35100E99EE5 /* EasyCalcUITests.xctest */,
			);
			name = Products;
			sourceTree = "<group>";
		};
		54C4B9AC1E09A35100E99EE5 /* EasyCalc */ = {
			isa = PBXGroup;
			children = (
				54C4B9B01E09A35100E99EE5 /* AppDelegate.h */,
				54C4B9B11E09A35100E99EE5 /* AppDelegate.m */,
				54C4B9B91E09A35100E99EE5 /* Assets.xcassets */,
				54C4B9BB1E09A35100E99EE5 /* LaunchScreen.storyboard */,
				54C4B9BE1E09A35100E99EE5 /* Info.plist */,
				54C4B9AD1E09A35100E99EE5 /* Supporting Files */,
				546EC2CE1E0AF7EC00FADDD1 /* CalcController.h */,
				546EC2CF1E0AF7EC00FADDD1 /* CalcController.m */,
				546EC2D01E0AF7EC00FADDD1 /* CalcController.xib */,
			);
			path = EasyCalc;
			sourceTree = "<group>";
		};
		54C4B9AD1E09A35100E99EE5 /* Supporting Files */ = {
			isa = PBXGroup;
			children = (
				54C4B9AE1E09A35100E99EE5 /* main.m */,
			);
			name = "Supporting Files";
			sourceTree = "<group>";
		};
		54C4B9C61E09A35100E99EE5 /* EasyCalcTests */ = {
			isa = PBXGroup;
			children = (
				54C4B9C71E09A35100E99EE5 /* EasyCalcTests.m */,
				54C4B9C91E09A35100E99EE5 /* Info.plist */,
			);
			path = EasyCalcTests;
			sourceTree = "<group>";
		};
		54C4B9D11E09A35100E99EE5 /* EasyCalcUITests */ = {
			isa = PBXGroup;
			children = (
				54C4B9D21E09A35100E99EE5 /* EasyCalcUITests.m */,
				54C4B9D41E09A35100E99EE5 /* Info.plist */,
			);
			path = EasyCalcUITests;
			sourceTree = "<group>";
		};
/* End PBXGroup section */

/* Begin PBXNativeTarget section */
		54C4B9A91E09A35100E99EE5 /* EasyCalc */ = {
			isa = PBXNativeTarget;
			buildConfigurationList = 54C4B9D71E09A35100E99EE5 /* Build configuration list for PBXNativeTarget "EasyCalc" */;
			buildPhases = (
				54C4B9A61E09A35100E99EE5 /* Sources */,
				54C4B9A71E09A35100E99EE5 /* Frameworks */,
				54C4B9A81E09A35100E99EE5 /* Resources */,
			);
			buildRules = (
			);
			dependencies = (
			);
			name = EasyCalc;
			productName = EasyCalc;
			productReference = 54C4B9AA1E09A35100E99EE5 /* EasyCalc.app */;
			productType = "com.apple.product-type.application";
		};
		54C4B9C21E09A35100E99EE5 /* EasyCalcTests */ = {
			isa = PBXNativeTarget;
			buildConfigurationList = 54C4B9DA1E09A35100E99EE5 /* Build configuration list for PBXNativeTarget "EasyCalcTests" */;
			buildPhases = (
				54C4B9BF1E09A35100E99EE5 /* Sources */,
				54C4B9C01E09A35100E99EE5 /* Frameworks */,
				54C4B9C11E09A35100E99EE5 /* Resources */,
			);
			buildRules = (
			);
			dependencies = (
				54C4B9C51E09A35100E99EE5 /* PBXTargetDependency */,
			);
			name = EasyCalcTests;
			productName = EasyCalcTests;
			productReference = 54C4B9C31E09A35100E99EE5 /* EasyCalcTests.xctest */;
			productType = "com.apple.product-type.bundle.unit-test";
		};
		54C4B9CD1E09A35100E99EE5 /* EasyCalcUITests */ = {
			isa = PBXNativeTarget;
			buildConfigurationList = 54C4B9DD1E09A35100E99EE5 /* Build configuration list for PBXNativeTarget "EasyCalcUITests" */;
			buildPhases = (
				54C4B9CA1E09A35100E99EE5 /* Sources */,
				54C4B9CB1E09A35100E99EE5 /* Frameworks */,
				54C4B9CC1E09A35100E99EE5 /* Resources */,
			);
			buildRules = (
			);
			dependencies = (
				54C4B9D01E09A35100E99EE5 /* PBXTargetDependency */,
			);
			name = EasyCalcUITests;
			productName = EasyCalcUITests;
			productReference = 54C4B9CE1E09A35100E99EE5 /* EasyCalcUITests.xctest */;
			productType = "com.apple.product-type.bundle.ui-testing";
		};
/* End PBXNativeTarget section */

/* Begin PBXProject section */
		54C4B9A21E09A35100E99EE5 /* Project object */ = {
			isa = PBXProject;
			attributes = {
				LastUpgradeCheck = 0810;
				ORGANIZATIONNAME = esgi;
				TargetAttributes = {
					54C4B9A91E09A35100E99EE5 = {
						CreatedOnToolsVersion = 8.1;
						ProvisioningStyle = Automatic;
					};
					54C4B9C21E09A35100E99EE5 = {
						CreatedOnToolsVersion = 8.1;
						ProvisioningStyle = Automatic;
						TestTargetID = 54C4B9A91E09A35100E99EE5;
					};
					54C4B9CD1E09A35100E99EE5 = {
						CreatedOnToolsVersion = 8.1;
						ProvisioningStyle = Automatic;
						TestTargetID = 54C4B9A91E09A35100E99EE5;
					};
				};
			};
			buildConfigurationList = 54C4B9A51E09A35100E99EE5 /* Build configuration list for PBXProject "EasyCalc" */;
			compatibilityVersion = "Xcode 3.2";
			developmentRegion = English;
			hasScannedForEncodings = 0;
			knownRegions = (
				en,
				Base,
			);
			mainGroup = 54C4B9A11E09A35100E99EE5;
			productRefGroup = 54C4B9AB1E09A35100E99EE5 /* Products */;
			projectDirPath = "";
			projectRoot = "";
			targets = (
				54C4B9A91E09A35100E99EE5 /* EasyCalc */,
				54C4B9C21E09A35100E99EE5 /* EasyCalcTests */,
				54C4B9CD1E09A35100E99EE5 /* EasyCalcUITests */,
			);
		};
/* End PBXProject section */

/* Begin PBXResourcesBuildPhase section */
		54C4B9A81E09A35100E99EE5 /* Resources */ = {
			isa = PBXResourcesBuildPhase;
			buildActionMask = 2147483647;
			files = (
				546EC2D21E0AF7EC00FADDD1 /* CalcController.xib in Resources */,
				54C4B9BD1E09A35100E99EE5 /* LaunchScreen.storyboard in Resources */,
				54C4B9BA1E09A35100E99EE5 /* Assets.xcassets in Resources */,
			);
			runOnlyForDeploymentPostprocessing = 0;
		};
		54C4B9C11E09A35100E99EE5 /* Resources */ = {
			isa = PBXResourcesBuildPhase;
			buildActionMask = 2147483647;
			files = (
			);
			runOnlyForDeploymentPostprocessing = 0;
		};
		54C4B9CC1E09A35100E99EE5 /* Resources */ = {
			isa = PBXResourcesBuildPhase;
			buildActionMask = 2147483647;
			files = (
			);
			runOnlyForDeploymentPostprocessing = 0;
		};
/* End PBXResourcesBuildPhase section */

/* Begin PBXSourcesBuildPhase section */
		54C4B9A61E09A35100E99EE5 /* Sources */ = {
			isa = PBXSourcesBuildPhase;
			buildActionMask = 2147483647;
			files = (
				546EC2D11E0AF7EC00FADDD1 /* CalcController.m in Sources */,
				54C4B9B21E09A35100E99EE5 /* AppDelegate.m in Sources */,
				54C4B9AF1E09A35100E99EE5 /* main.m in Sources */,
			);
			runOnlyForDeploymentPostprocessing = 0;
		};
		54C4B9BF1E09A35100E99EE5 /* Sources */ = {
			isa = PBXSourcesBuildPhase;
			buildActionMask = 2147483647;
			files = (
				54C4B9C81E09A35100E99EE5 /* EasyCalcTests.m in Sources */,
			);
			runOnlyForDeploymentPostprocessing = 0;
		};
		54C4B9CA1E09A35100E99EE5 /* Sources */ = {
			isa = PBXSourcesBuildPhase;
			buildActionMask = 2147483647;
			files = (
				54C4B9D31E09A35100E99EE5 /* EasyCalcUITests.m in Sources */,
			);
			runOnlyForDeploymentPostprocessing = 0;
		};
/* End PBXSourcesBuildPhase section */

/* Begin PBXTargetDependency section */
		54C4B9C51E09A35100E99EE5 /* PBXTargetDependency */ = {
			isa = PBXTargetDependency;
			target = 54C4B9A91E09A35100E99EE5 /* EasyCalc */;
			targetProxy = 54C4B9C41E09A35100E99EE5 /* PBXContainerItemProxy */;
		};
		54C4B9D01E09A35100E99EE5 /* PBXTargetDependency */ = {
			isa = PBXTargetDependency;
			target = 54C4B9A91E09A35100E99EE5 /* EasyCalc */;
			targetProxy = 54C4B9CF1E09A35100E99EE5 /* PBXContainerItemProxy */;
		};
/* End PBXTargetDependency section */

/* Begin PBXVariantGroup section */
		54C4B9BB1E09A35100E99EE5 /* LaunchScreen.storyboard */ = {
			isa = PBXVariantGroup;
			children = (
				54C4B9BC1E09A35100E99EE5 /* Base */,
			);
			name = LaunchScreen.storyboard;
			sourceTree = "<group>";
		};
/* End PBXVariantGroup section */

/* Begin XCBuildConfiguration section */
		54C4B9D51E09A35100E99EE5 /* Debug */ = {
			isa = XCBuildConfiguration;
			buildSettings = {
				ALWAYS_SEARCH_USER_PATHS = NO;
				CLANG_ANALYZER_NONNULL = YES;
				CLANG_CXX_LANGUAGE_STANDARD = "gnu++0x";
				CLANG_CXX_LIBRARY = "libc++";
				CLANG_ENABLE_MODULES = YES;
				CLANG_ENABLE_OBJC_ARC = YES;
				CLANG_WARN_BOOL_CONVERSION = YES;
				CLANG_WARN_CONSTANT_CONVERSION = YES;
				CLANG_WARN_DIRECT_OBJC_ISA_USAGE = YES_ERROR;
				CLANG_WARN_DOCUMENTATION_COMMENTS = YES;
				CLANG_WARN_EMPTY_BODY = YES;
				CLANG_WARN_ENUM_CONVERSION = YES;
				CLANG_WARN_INFINITE_RECURSION = YES;
				CLANG_WARN_INT_CONVERSION = YES;
				CLANG_WARN_OBJC_ROOT_CLASS = YES_ERROR;
				CLANG_WARN_SUSPICIOUS_MOVES = YES;
				CLANG_WARN_UNREACHABLE_CODE = YES;
				CLANG_WARN__DUPLICATE_METHOD_MATCH = YES;
				"CODE_SIGN_IDENTITY[sdk=iphoneos*]" = "iPhone Developer";
				COPY_PHASE_STRIP = NO;
				DEBUG_INFORMATION_FORMAT = dwarf;
				ENABLE_STRICT_OBJC_MSGSEND = YES;
				ENABLE_TESTABILITY = YES;
				GCC_C_LANGUAGE_STANDARD = gnu99;
				GCC_DYNAMIC_NO_PIC = NO;
				GCC_NO_COMMON_BLOCKS = YES;
				GCC_OPTIMIZATION_LEVEL = 0;
				GCC_PREPROCESSOR_DEFINITIONS = (
					"DEBUG=1",
					"$(inherited)",
				);
				GCC_WARN_64_TO_32_BIT_CONVERSION = YES;
				GCC_WARN_ABOUT_RETURN_TYPE = YES_ERROR;
				GCC_WARN_UNDECLARED_SELECTOR = YES;
				GCC_WARN_UNINITIALIZED_AUTOS = YES_AGGRESSIVE;
				GCC_WARN_UNUSED_FUNCTION = YES;
				GCC_WARN_UNUSED_VARIABLE = YES;
				IPHONEOS_DEPLOYMENT_TARGET = 10.1;
				MTL_ENABLE_DEBUG_INFO = YES;
				ONLY_ACTIVE_ARCH = YES;
				SDKROOT = iphoneos;
			};
			name = Debug;
		};
		54C4B9D61E09A35100E99EE5 /* Release */ = {
			isa = XCBuildConfiguration;
			buildSettings = {
				ALWAYS_SEARCH_USER_PATHS = NO;
				CLANG_ANALYZER_NONNULL = YES;
				CLANG_CXX_LANGUAGE_STANDARD = "gnu++0x";
				CLANG_CXX_LIBRARY = "libc++";
				CLANG_ENABLE_MODULES = YES;
				CLANG_ENABLE_OBJC_ARC = YES;
				CLANG_WARN_BOOL_CONVERSION = YES;
				CLANG_WARN_CONSTANT_CONVERSION = YES;
				CLANG_WARN_DIRECT_OBJC_ISA_USAGE = YES_ERROR;
				CLANG_WARN_DOCUMENTATION_COMMENTS = YES;
				CLANG_WARN_EMPTY_BODY = YES;
				CLANG_WARN_ENUM_CONVERSION = YES;
				CLANG_WARN_INFINITE_RECURSION = YES;
				CLANG_WARN_INT_CONVERSION = YES;
				CLANG_WARN_OBJC_ROOT_CLASS = YES_ERROR;
				CLANG_WARN_SUSPICIOUS_MOVES = YES;
				CLANG_WARN_UNREACHABLE_CODE = YES;
				CLANG_WARN__DUPLICATE_METHOD_MATCH = YES;
				"CODE_SIGN_IDENTITY[sdk=iphoneos*]" = "iPhone Developer";
				COPY_PHASE_STRIP = NO;
				DEBUG_INFORMATION_FORMAT = "dwarf-with-dsym";
				ENABLE_NS_ASSERTIONS = NO;
				ENABLE_STRICT_OBJC_MSGSEND = YES;
				GCC_C_LANGUAGE_STANDARD = gnu99;
				GCC_NO_COMMON_BLOCKS = YES;
				GCC_WARN_64_TO_32_BIT_CONVERSION = YES;
				GCC_WARN_ABOUT_RETURN_TYPE = YES_ERROR;
				GCC_WARN_UNDECLARED_SELECTOR = YES;
				GCC_WARN_UNINITIALIZED_AUTOS = YES_AGGRESSIVE;
				GCC_WARN_UNUSED_FUNCTION = YES;
				GCC_WARN_UNUSED_VARIABLE = YES;
				IPHONEOS_DEPLOYMENT_TARGET = 10.1;
				MTL_ENABLE_DEBUG_INFO = NO;
				SDKROOT = iphoneos;
				VALIDATE_PRODUCT = YES;
			};
			name = Release;
		};
		54C4B9D81E09A35100E99EE5 /* Debug */ = {
			isa = XCBuildConfiguration;
			buildSettings = {
				ASSETCATALOG_COMPILER_APPICON_NAME = AppIcon;
				INFOPLIST_FILE = EasyCalc/Info.plist;
				LD_RUNPATH_SEARCH_PATHS = "$(inherited) @executable_path/Frameworks";
				PRODUCT_BUNDLE_IDENTIFIER = esgi.EasyCalc;
				PRODUCT_NAME = "$(TARGET_NAME)";
			};
			name = Debug;
		};
		54C4B9D91E09A35100E99EE5 /* Release */ = {
			isa = XCBuildConfiguration;
			buildSettings = {
				ASSETCATALOG_COMPILER_APPICON_NAME = AppIcon;
				INFOPLIST_FILE = EasyCalc/Info.plist;
				LD_RUNPATH_SEARCH_PATHS = "$(inherited) @executable_path/Frameworks";
				PRODUCT_BUNDLE_IDENTIFIER = esgi.EasyCalc;
				PRODUCT_NAME = "$(TARGET_NAME)";
			};
			name = Release;
		};
		54C4B9DB1E09A35100E99EE5 /* Debug */ = {
			isa = XCBuildConfiguration;
			buildSettings = {
				BUNDLE_LOADER = "$(TEST_HOST)";
				INFOPLIST_FILE = EasyCalcTests/Info.plist;
				LD_RUNPATH_SEARCH_PATHS = "$(inherited) @executable_path/Frameworks @loader_path/Frameworks";
				PRODUCT_BUNDLE_IDENTIFIER = esgi.EasyCalcTests;
				PRODUCT_NAME = "$(TARGET_NAME)";
				TEST_HOST = "$(BUILT_PRODUCTS_DIR)/EasyCalc.app/EasyCalc";
			};
			name = Debug;
		};
		54C4B9DC1E09A35100E99EE5 /* Release */ = {
			isa = XCBuildConfiguration;
			buildSettings = {
				BUNDLE_LOADER = "$(TEST_HOST)";
				INFOPLIST_FILE = EasyCalcTests/Info.plist;
				LD_RUNPATH_SEARCH_PATHS = "$(inherited) @executable_path/Frameworks @loader_path/Frameworks";
				PRODUCT_BUNDLE_IDENTIFIER = esgi.EasyCalcTests;
				PRODUCT_NAME = "$(TARGET_NAME)";
				TEST_HOST = "$(BUILT_PRODUCTS_DIR)/EasyCalc.app/EasyCalc";
			};
			name = Release;
		};
		54C4B9DE1E09A35100E99EE5 /* Debug */ = {
			isa = XCBuildConfiguration;
			buildSettings = {
				INFOPLIST_FILE = EasyCalcUITests/Info.plist;
				LD_RUNPATH_SEARCH_PATHS = "$(inherited) @executable_path/Frameworks @loader_path/Frameworks";
				PRODUCT_BUNDLE_IDENTIFIER = esgi.EasyCalcUITests;
				PRODUCT_NAME = "$(TARGET_NAME)";
				TEST_TARGET_NAME = EasyCalc;
			};
			name = Debug;
		};
		54C4B9DF1E09A35100E99EE5 /* Release */ = {
			isa = XCBuildConfiguration;
			buildSettings = {
				INFOPLIST_FILE = EasyCalcUITests/Info.plist;
				LD_RUNPATH_SEARCH_PATHS = "$(inherited) @executable_path/Frameworks @loader_path/Frameworks";
				PRODUCT_BUNDLE_IDENTIFIER = esgi.EasyCalcUITests;
				PRODUCT_NAME = "$(TARGET_NAME)";
				TEST_TARGET_NAME = EasyCalc;
			};
			name = Release;
		};
/* End XCBuildConfiguration section */

/* Begin XCConfigurationList section */
		54C4B9A51E09A35100E99EE5 /* Build configuration list for PBXProject "EasyCalc" */ = {
			isa = XCConfigurationList;
			buildConfigurations = (
				54C4B9D51E09A35100E99EE5 /* Debug */,
				54C4B9D61E09A35100E99EE5 /* Release */,
			);
			defaultConfigurationIsVisible = 0;
			defaultConfigurationName = Release;
		};
		54C4B9D71E09A35100E99EE5 /* Build configuration list for PBXNativeTarget "EasyCalc" */ = {
			isa = XCConfigurationList;
			buildConfigurations = (
				54C4B9D81E09A35100E99EE5 /* Debug */,
				54C4B9D91E09A35100E99EE5 /* Release */,
			);
			defaultConfigurationIsVisible = 0;
			defaultConfigurationName = Release;
		};
		54C4B9DA1E09A35100E99EE5 /* Build configuration list for PBXNativeTarget "EasyCalcTests" */ = {
			isa = XCConfigurationList;
			buildConfigurations = (
				54C4B9DB1E09A35100E99EE5 /* Debug */,
				54C4B9DC1E09A35100E99EE5 /* Release */,
			);
			defaultConfigurationIsVisible = 0;
			defaultConfigurationName = Release;
		};
		54C4B9DD1E09A35100E99EE5 /* Build configuration list for PBXNativeTarget "EasyCalcUITests" */ = {
			isa = XCConfigurationList;
			buildConfigurations = (
				54C4B9DE1E09A35100E99EE5 /* Debug */,
				54C4B9DF1E09A35100E99EE5 /* Release */,
			);
			defaultConfigurationIsVisible = 0;
			defaultConfigurationName = Release;
		};
/* End XCConfigurationList section */
	};
	rootObject = 54C4B9A21E09A35100E99EE5 /* Project object */;
}
